lockfileVersion: '9.0'

settings:
  autoInstallPeers: true
  excludeLinksFromLockfile: false

importers:

  .:
    dependencies:
      '@bufbuild/protobuf':
        specifier: ^1.10.1
        version: 1.10.1
      '@connectrpc/connect':
        specifier: ^1.6.1
        version: 1.6.1(@bufbuild/protobuf@1.10.1)
      '@connectrpc/connect-node':
        specifier: ^1.6.1
        version: 1.6.1(@bufbuild/protobuf@1.10.1)(@connectrpc/connect@1.6.1(@bufbuild/protobuf@1.10.1))
    devDependencies:
      '@bufbuild/buf':
        specifier: ^1.55.1
        version: 1.55.1
      '@bufbuild/protoc-gen-es':
        specifier: ^1.10.1
        version: 1.10.1(@bufbuild/protobuf@1.10.1)
      '@connectrpc/protoc-gen-connect-es':
        specifier: ^1.6.1
        version: 1.6.1(@bufbuild/protoc-gen-es@1.10.1(@bufbuild/protobuf@1.10.1))(@connectrpc/connect@1.6.1(@bufbuild/protobuf@1.10.1))
      '@types/node':
        specifier: ^20.0.0
        version: 20.19.9
      prettier:
        specifier: ^2.8.1
        version: 2.8.8
      typescript:
        specifier: ^5.0.0
        version: 5.8.3

packages:

  '@bufbuild/buf-darwin-arm64@1.55.1':
    resolution: {integrity: sha512-g76yEF2ALyjj+R8KVoIjPPS7zaPy6VDWg2b5PCCK04fKTbe5jyzOdYdvNyuM5hO8xpRPBjBrqO6LUAfS+0aRCQ==}
    engines: {node: '>=12'}
    cpu: [arm64]
    os: [darwin]

  '@bufbuild/buf-darwin-x64@1.55.1':
    resolution: {integrity: sha512-hCkatzlV7DwHWEyzzcpsZgLtxABidT/EYBmLTy6oSCHimOJzR1c5ezKe75tX7myDAfV0HZExIM7+cSsWg3dTPg==}
    engines: {node: '>=12'}
    cpu: [x64]
    os: [darwin]

  '@bufbuild/buf-linux-aarch64@1.55.1':
    resolution: {integrity: sha512-hA4jGPZ2N+FUZt03w+hPt6YsbhAdOh2gNKBQnuysj8kdTqZ4mw1wCOUoRg9h7eqOr/2XCcOibWYO36H2eS2OYQ==}
    engines: {node: '>=12'}
    cpu: [arm64]
    os: [linux]

  '@bufbuild/buf-linux-armv7@1.55.1':
    resolution: {integrity: sha512-npnzJSAZRUdh8+fmgsbXt+dogA+iU/i/qWh+3XhdLXW220nWpd1jAXcpquaVfer8EwMEcYjqVf8FA7IXOgjGXw==}
    engines: {node: '>=12'}
    cpu: [arm]
    os: [linux]

  '@bufbuild/buf-linux-x64@1.55.1':
    resolution: {integrity: sha512-/48IjSA1kh/8kZl1bcDkikgH+9BMnPhhVqad+R7+3ttYOFqifet3n+hf2ipA26NtTpTfvOSRXj1tdx/80x0I1g==}
    engines: {node: '>=12'}
    cpu: [x64]
    os: [linux]

  '@bufbuild/buf-win32-arm64@1.55.1':
    resolution: {integrity: sha512-CE+jAN1ikRTIdny6Q/geccKsLhy4QEXzUaJUfAiUXqjSW2u/Et7+p9Wh6xUgXcSuIoz1aw8MVuCESrNMBt6LBg==}
    engines: {node: '>=12'}
    cpu: [arm64]
    os: [win32]

  '@bufbuild/buf-win32-x64@1.55.1':
    resolution: {integrity: sha512-C4VYS96YBJkLhIKH6yh8BqHgIjqGe+G6yuAOOKxWsYdx3QbT5LYOr38AP1bzkFm0Gz9jOOr5n0pmAFwsOLYjiw==}
    engines: {node: '>=12'}
    cpu: [x64]
    os: [win32]

  '@bufbuild/buf@1.55.1':
    resolution: {integrity: sha512-V9tpe2XlRVyq33cct2lNz9nDDQG95WbPKlxQkMKt5i7tPsfqE3vzbGiEC96K0QJWhIU28OkjYD8+1SyYKBWVYg==}
    engines: {node: '>=12'}
    hasBin: true

  '@bufbuild/protobuf@1.10.1':
    resolution: {integrity: sha512-wJ8ReQbHxsAfXhrf9ixl0aYbZorRuOWpBNzm8pL8ftmSxQx/wnJD5Eg861NwJU/czy2VXFIebCeZnZrI9rktIQ==}

  '@bufbuild/protoc-gen-es@1.10.1':
    resolution: {integrity: sha512-YADugbvibIdZSb0NGf5OF87IyKTuMvMFZ7vMHgm6pL1SCfDwJ/ZRianTdrPG9hq/gOipK+NwHmXBViyS3J7nxA==}
    engines: {node: '>=14'}
    hasBin: true
    peerDependencies:
      '@bufbuild/protobuf': 1.10.1
    peerDependenciesMeta:
      '@bufbuild/protobuf':
        optional: true

  '@bufbuild/protoplugin@1.10.1':
    resolution: {integrity: sha512-LaSbfwabAFIvbVnbn8jWwElRoffCIxhVraO8arliVwWupWezHLXgqPHEYLXZY/SsAR+/YsFBQJa8tAGtNPJyaQ==}

  '@connectrpc/connect-node@1.6.1':
    resolution: {integrity: sha512-DxcD1wsF/aX9GegjAtl7VbpiZNjVJozy87VbaFoN6AF0Ln1Q757r5dgV59Gz0wmlk5f17txUsrEr1f2inlnnAg==}
    engines: {node: '>=16.0.0'}
    peerDependencies:
      '@bufbuild/protobuf': ^1.10.0
      '@connectrpc/connect': 1.6.1

  '@connectrpc/connect@1.6.1':
    resolution: {integrity: sha512-KchMDNtU4CDTdkyf0qG7ugJ6qHTOR/aI7XebYn3OTCNagaDYWiZUVKgRgwH79yeMkpNgvEUaXSK7wKjaBK9b/Q==}
    peerDependencies:
      '@bufbuild/protobuf': ^1.10.0

  '@connectrpc/protoc-gen-connect-es@1.6.1':
    resolution: {integrity: sha512-0fHcaADd+GKM0I/koIQpmKg7b+QL18bXlggTUYEAlMFzsd4zN/ApG3235hdUcRyhrAOAItTXxh8ZAV/nNd43Gg==}
    engines: {node: '>=16.0.0'}
    hasBin: true
    peerDependencies:
      '@bufbuild/protoc-gen-es': ^1.10.0
      '@connectrpc/connect': 1.6.1
    peerDependenciesMeta:
      '@bufbuild/protoc-gen-es':
        optional: true
      '@connectrpc/connect':
        optional: true

  '@fastify/busboy@2.1.1':
    resolution: {integrity: sha512-vBZP4NlzfOlerQTnba4aqZoMhE/a9HY7HRqoOPaETQcSQuWEIyZMHGfVu6w9wGtGK5fED5qRs2DteVCjOH60sA==}
    engines: {node: '>=14'}

  '@types/node@20.19.9':
    resolution: {integrity: sha512-cuVNgarYWZqxRJDQHEB58GEONhOK79QVR/qYx4S7kcUObQvUwvFnYxJuuHUKm2aieN9X3yZB4LZsuYNU1Qphsw==}

  '@typescript/vfs@1.6.1':
    resolution: {integrity: sha512-JwoxboBh7Oz1v38tPbkrZ62ZXNHAk9bJ7c9x0eI5zBfBnBYGhURdbnh7Z4smN/MV48Y5OCcZb58n972UtbazsA==}
    peerDependencies:
      typescript: '*'

  debug@4.4.1:
    resolution: {integrity: sha512-KcKCqiftBJcZr++7ykoDIEwSa3XWowTfNPo92BYxjXiyYEVrUQh2aLyhxBCwww+heortUFxEJYcRzosstTEBYQ==}
    engines: {node: '>=6.0'}
    peerDependencies:
      supports-color: '*'
    peerDependenciesMeta:
      supports-color:
        optional: true

  ms@2.1.3:
    resolution: {integrity: sha512-6FlzubTLZG3J2a/NVCAleEhjzq5oxgHyaCU9yYXvcLsvoVaHJq/s5xXI6/XXP6tz7R9xAOtHnSO/tXtF3WRTlA==}

  prettier@2.8.8:
    resolution: {integrity: sha512-tdN8qQGvNjw4CHbY+XXk0JgCXn9QiF21a55rBe5LJAU+kDyC4WQn4+awm2Xfk2lQMk5fKup9XgzTZtGkjBdP9Q==}
    engines: {node: '>=10.13.0'}
    hasBin: true

  typescript@4.5.2:
    resolution: {integrity: sha512-5BlMof9H1yGt0P8/WF+wPNw6GfctgGjXp5hkblpyT+8rkASSmkUKMXrxR0Xg8ThVCi/JnHQiKXeBaEwCeQwMFw==}
    engines: {node: '>=4.2.0'}
    hasBin: true

  typescript@5.8.3:
    resolution: {integrity: sha512-p1diW6TqL9L07nNxvRMM7hMMw4c5XOo/1ibL4aAIGmSAt9slTE1Xgw5KWuof2uTOvCg9BY7ZRi+GaF+7sfgPeQ==}
    engines: {node: '>=14.17'}
    hasBin: true

  undici-types@6.21.0:
    resolution: {integrity: sha512-iwDZqg0QAGrg9Rav5H4n0M64c3mkR59cJ6wQp+7C4nI0gsmExaedaYLNO44eT4AtBBwjbTiGPMlt2Md0T9H9JQ==}

  undici@5.29.0:
    resolution: {integrity: sha512-raqeBD6NQK4SkWhQzeYKd1KmIG6dllBOTt55Rmkt4HtI9mwdWtJljnrXjAFUBLTSN67HWrOIZ3EPF4kjUw80Bg==}
    engines: {node: '>=14.0'}

snapshots:

  '@bufbuild/buf-darwin-arm64@1.55.1':
    optional: true

  '@bufbuild/buf-darwin-x64@1.55.1':
    optional: true

  '@bufbuild/buf-linux-aarch64@1.55.1':
    optional: true

  '@bufbuild/buf-linux-armv7@1.55.1':
    optional: true

  '@bufbuild/buf-linux-x64@1.55.1':
    optional: true

  '@bufbuild/buf-win32-arm64@1.55.1':
    optional: true

  '@bufbuild/buf-win32-x64@1.55.1':
    optional: true

  '@bufbuild/buf@1.55.1':
    optionalDependencies:
      '@bufbuild/buf-darwin-arm64': 1.55.1
      '@bufbuild/buf-darwin-x64': 1.55.1
      '@bufbuild/buf-linux-aarch64': 1.55.1
      '@bufbuild/buf-linux-armv7': 1.55.1
      '@bufbuild/buf-linux-x64': 1.55.1
      '@bufbuild/buf-win32-arm64': 1.55.1
      '@bufbuild/buf-win32-x64': 1.55.1

  '@bufbuild/protobuf@1.10.1': {}

  '@bufbuild/protoc-gen-es@1.10.1(@bufbuild/protobuf@1.10.1)':
    dependencies:
      '@bufbuild/protoplugin': 1.10.1
    optionalDependencies:
      '@bufbuild/protobuf': 1.10.1
    transitivePeerDependencies:
      - supports-color

  '@bufbuild/protoplugin@1.10.1':
    dependencies:
      '@bufbuild/protobuf': 1.10.1
      '@typescript/vfs': 1.6.1(typescript@4.5.2)
      typescript: 4.5.2
    transitivePeerDependencies:
      - supports-color

  '@connectrpc/connect-node@1.6.1(@bufbuild/protobuf@1.10.1)(@connectrpc/connect@1.6.1(@bufbuild/protobuf@1.10.1))':
    dependencies:
      '@bufbuild/protobuf': 1.10.1
      '@connectrpc/connect': 1.6.1(@bufbuild/protobuf@1.10.1)
      undici: 5.29.0

  '@connectrpc/connect@1.6.1(@bufbuild/protobuf@1.10.1)':
    dependencies:
      '@bufbuild/protobuf': 1.10.1

  '@connectrpc/protoc-gen-connect-es@1.6.1(@bufbuild/protoc-gen-es@1.10.1(@bufbuild/protobuf@1.10.1))(@connectrpc/connect@1.6.1(@bufbuild/protobuf@1.10.1))':
    dependencies:
      '@bufbuild/protobuf': 1.10.1
      '@bufbuild/protoplugin': 1.10.1
    optionalDependencies:
      '@bufbuild/protoc-gen-es': 1.10.1(@bufbuild/protobuf@1.10.1)
      '@connectrpc/connect': 1.6.1(@bufbuild/protobuf@1.10.1)
    transitivePeerDependencies:
      - supports-color

  '@fastify/busboy@2.1.1': {}

  '@types/node@20.19.9':
    dependencies:
      undici-types: 6.21.0

  '@typescript/vfs@1.6.1(typescript@4.5.2)':
    dependencies:
      debug: 4.4.1
      typescript: 4.5.2
    transitivePeerDependencies:
      - supports-color

  debug@4.4.1:
    dependencies:
      ms: 2.1.3

  ms@2.1.3: {}

  prettier@2.8.8: {}

  typescript@4.5.2: {}

  typescript@5.8.3: {}

  undici-types@6.21.0: {}

  undici@5.29.0:
    dependencies:
      '@fastify/busboy': 2.1.1
